# This file is autogenerated, do not edit; changes may be undone by the next 'dep ensure'.


[[projects]]
  name = "github.com/BurntSushi/toml"
  packages = ["."]
  revision = "b26d9c308763d68093482582cea63d69be07a0f0"
  version = "v0.3.0"

[[projects]]
  branch = "master"
  name = "github.com/bmizerany/perks"
  packages = ["histogram","quantile"]
  revision = "d9a9656a3a4b1c2864fdb44db2ef8619772d92aa"

[[projects]]
  branch = "master"
  name = "github.com/rcrowley/goagain"
  packages = ["."]
  revision = "f2f192b5d1a96e21dd4026ce67cda85e49659a48"

[solve-meta]
  analyzer-name = "dep"
  analyzer-version = 1
  inputs-digest = "dbebea46c4627f8364f2b3aa07c8827eda46fa3d297aa1726e7b424037b46378"
  solver-name = "gps-cdcl"
  solver-version = 1
